filippo.io/edwards25519 v1.2.0 h1:crnVqOiS4jqYleHd9vaKZ+HKtHfllngJIiOpNpoJsjo=
filippo.io/edwards25519 v1.2.0/go.mod h1:xzAOLCNug/yB62zG1bQ8uziwrIqIuxhctzJT18Q77mc=
filippo.io/nistec v0.0.4 h1:F14ZHT5htWlMnQVPndX9ro9arf56cBhQxq4LnDI491s=
filippo.io/nistec v0.0.4/go.mod h1:PK/lw8I1gQT4hUML4QGaqljwdDaFcMyFKSXN7kjrtKI=
github.com/bytemare/ecc v0.10.0 h1:Se2rzndqxAp8Fqv6SGaboaJzMxB4czbAPcPq9RPS8H8=
github.com/bytemare/ecc v0.10.0/go.mod h1:oXkYi15gIPFizplNVm7wxJML1tRreqzl89acIZLJSzA=
github.com/bytemare/hash v0.6.3 h1:6/lxKQTm0zJlNvrzRPHWKqdiHcIbSOEdN9jn4Ych2no=
github.com/bytemare/hash v0.6.3/go.mod h1:DBaB71J+8dVhJg9+sItoVOkV724buQ+2e0sp4uNSS4Y=
github.com/bytemare/secp256k1 v0.5.0 h1:8sOG8jTWJSpnvjeLMbEZVs/4RNDOCy9YbMEy32DIt+4=
github.com/bytemare/secp256k1 v0.5.0/go.mod h1:9AntSfCtXjopK1lL4ReEYqc7X56ZfmTGeL17P4/nmFE=
github.com/gtank/ristretto255 v0.2.0 h1:LeOuWr6giplWkkMizx2emfG03SRPJqKt1nfIHLVHQ/0=
github.com/gtank/ristretto255 v0.2.0/go.mod h1:OJ1ox/dWcp7sJ5grYDcZ+kkHYuj5nelW5aaL7ESVXBw=
golang.org/x/crypto v0.51.0 h1:IBPXwPfKxY7cWQZ38ZCIRPI50YLeevDLlLnyC5wRGTI=
golang.org/x/crypto v0.51.0/go.mod h1:8AdwkbraGNABw2kOX6YFPs3WM22XqI4EXEd8g+x7Oc8=
golang.org/x/sys v0.44.0 h1:ildZl3J4uzeKP07r2F++Op7E9B29JRUy+a27EibtBTQ=
golang.org/x/sys v0.44.0/go.mod h1:4GL1E5IUh+htKOUEOaiffhrAeqysfVGipDYzABqnCmw=
